
Microsoft Visual Studio Solution File, Format Version 12.00
# Visual Studio Version 17
VisualStudioVersion = 17.5.33530.505
MinimumVisualStudioVersion = 10.0.40219.1
Project("{9A19103F-16F7-4668-BE54-9A1E7A4F7556}") = "PrettierGML", "PrettierGML.csproj", "{012C4AEC-B665-4FB0-A309-77678D0BE1A3}"
EndProject
Project("{FAE04EC0-301F-11D3-BF4B-00C04F79EFBC}") = "PrettierGML.Tests", "..\PrettierGML.Tests\PrettierGML.Tests.csproj", "{9BCFCE8A-1B2A-432A-B472-B8F23EC9D7D7}"
EndProject
Global
	GlobalSection(SolutionConfigurationPlatforms) = preSolution
		Debug|Any CPU = Debug|Any CPU
		Release|Any CPU = Release|Any CPU
	EndGlobalSection
	GlobalSection(ProjectConfigurationPlatforms) = postSolution
		{012C4AEC-B665-4FB0-A309-77678D0BE1A3}.Debug|Any CPU.ActiveCfg = Debug|Any CPU
		{012C4AEC-B665-4FB0-A309-77678D0BE1A3}.Debug|Any CPU.Build.0 = Debug|Any CPU
		{012C4AEC-B665-4FB0-A309-77678D0BE1A3}.Release|Any CPU.ActiveCfg = Release|Any CPU
		{012C4AEC-B665-4FB0-A309-77678D0BE1A3}.Release|Any CPU.Build.0 = Release|Any CPU
		{9BCFCE8A-1B2A-432A-B472-B8F23EC9D7D7}.Debug|Any CPU.ActiveCfg = Debug|Any CPU
		{9BCFCE8A-1B2A-432A-B472-B8F23EC9D7D7}.Debug|Any CPU.Build.0 = Debug|Any CPU
		{9BCFCE8A-1B2A-432A-B472-B8F23EC9D7D7}.Release|Any CPU.ActiveCfg = Release|Any CPU
		{9BCFCE8A-1B2A-432A-B472-B8F23EC9D7D7}.Release|Any CPU.Build.0 = Release|Any CPU
	EndGlobalSection
	GlobalSection(SolutionProperties) = preSolution
		HideSolutionNode = FALSE
	EndGlobalSection
	GlobalSection(ExtensibilityGlobals) = postSolution
		SolutionGuid = {92379370-C304-4EB9-89D3-E1C288F3086E}
	EndGlobalSection
EndGlobal
