
Microsoft Visual Studio Solution File, Format Version 12.00
# Visual Studio Version 17
VisualStudioVersion = 17.5.33530.505
MinimumVisualStudioVersion = 10.0.40219.1
Project("{9A19103F-16F7-4668-BE54-9A1E7A4F7556}") = "PrettierGML", "PrettierGML\PrettierGML.csproj", "{FA62E0AB-BECA-4321-B702-4EE6F80CEA48}"
EndProject
Project("{9A19103F-16F7-4668-BE54-9A1E7A4F7556}") = "PrettierGML.Tests", "PrettierGML.Tests\PrettierGML.Tests.csproj", "{148EC754-CD98-4887-9BF0-E609BC764780}"
	ProjectSection(ProjectDependencies) = postProject
		{FA62E0AB-BECA-4321-B702-4EE6F80CEA48} = {FA62E0AB-BECA-4321-B702-4EE6F80CEA48}
	EndProjectSection
EndProject
Global
	GlobalSection(SolutionConfigurationPlatforms) = preSolution
		Debug|Any CPU = Debug|Any CPU
		Release|Any CPU = Release|Any CPU
	EndGlobalSection
	GlobalSection(ProjectConfigurationPlatforms) = postSolution
		{FA62E0AB-BECA-4321-B702-4EE6F80CEA48}.Debug|Any CPU.ActiveCfg = Debug|Any CPU
		{FA62E0AB-BECA-4321-B702-4EE6F80CEA48}.Debug|Any CPU.Build.0 = Debug|Any CPU
		{FA62E0AB-BECA-4321-B702-4EE6F80CEA48}.Release|Any CPU.ActiveCfg = Release|Any CPU
		{FA62E0AB-BECA-4321-B702-4EE6F80CEA48}.Release|Any CPU.Build.0 = Release|Any CPU
		{148EC754-CD98-4887-9BF0-E609BC764780}.Debug|Any CPU.ActiveCfg = Debug|Any CPU
		{148EC754-CD98-4887-9BF0-E609BC764780}.Debug|Any CPU.Build.0 = Debug|Any CPU
		{148EC754-CD98-4887-9BF0-E609BC764780}.Release|Any CPU.ActiveCfg = Release|Any CPU
		{148EC754-CD98-4887-9BF0-E609BC764780}.Release|Any CPU.Build.0 = Release|Any CPU
	EndGlobalSection
	GlobalSection(SolutionProperties) = preSolution
		HideSolutionNode = FALSE
	EndGlobalSection
	GlobalSection(ExtensibilityGlobals) = postSolution
		SolutionGuid = {92379370-C304-4EB9-89D3-E1C288F3086E}
	EndGlobalSection
EndGlobal
